Microsoft Visual Studio Solution File, Format Version 12.00
# Visual Studio 2012
Project("{FAE04EC0-301F-11D3-BF4B-00C04F79EFBC}") = "n ew new", "n ew new.csproj", "{6A28AB4C-A62E-4974-8D02-A0E0A92EAE4D}"
EndProject
Global
	GlobalSection(SolutionConfigurationPlatforms) = preSolution
	Debug|Any CPU = Debug|Any CPU
	ExportDebug|Any CPU = ExportDebug|Any CPU
	ExportRelease|Any CPU = ExportRelease|Any CPU
	EndGlobalSection
	GlobalSection(ProjectConfigurationPlatforms) = postSolution
		{6A28AB4C-A62E-4974-8D02-A0E0A92EAE4D}.Debug|Any CPU.ActiveCfg = Debug|Any CPU
		{6A28AB4C-A62E-4974-8D02-A0E0A92EAE4D}.Debug|Any CPU.Build.0 = Debug|Any CPU
		{6A28AB4C-A62E-4974-8D02-A0E0A92EAE4D}.ExportDebug|Any CPU.ActiveCfg = ExportDebug|Any CPU
		{6A28AB4C-A62E-4974-8D02-A0E0A92EAE4D}.ExportDebug|Any CPU.Build.0 = ExportDebug|Any CPU
		{6A28AB4C-A62E-4974-8D02-A0E0A92EAE4D}.ExportRelease|Any CPU.ActiveCfg = ExportRelease|Any CPU
		{6A28AB4C-A62E-4974-8D02-A0E0A92EAE4D}.ExportRelease|Any CPU.Build.0 = ExportRelease|Any CPU
	EndGlobalSection
EndGlobal
